
Microsoft Visual Studio Solution File, Format Version 12.00
# Visual Studio 15
VisualStudioVersion = 15.0.28010.2003
MinimumVisualStudioVersion = 10.0.40219.1
Project("{8BC9CEB8-8B4A-11D0-8D11-00A0C91BC942}") = "sort", "sort\sort.vcxproj", "{DCF5640B-2313-48D0-B48F-4F3ECCBBABBB}"
EndProject
Global
	GlobalSection(SolutionConfigurationPlatforms) = preSolution
		Debug|x64 = Debug|x64
		Debug|x86 = Debug|x86
		Release|x64 = Release|x64
		Release|x86 = Release|x86
	EndGlobalSection
	GlobalSection(ProjectConfigurationPlatforms) = postSolution
		{DCF5640B-2313-48D0-B48F-4F3ECCBBABBB}.Debug|x64.ActiveCfg = Debug|x64
		{DCF5640B-2313-48D0-B48F-4F3ECCBBABBB}.Debug|x64.Build.0 = Debug|x64
		{DCF5640B-2313-48D0-B48F-4F3ECCBBABBB}.Debug|x86.ActiveCfg = Debug|Win32
		{DCF5640B-2313-48D0-B48F-4F3ECCBBABBB}.Debug|x86.Build.0 = Debug|Win32
		{DCF5640B-2313-48D0-B48F-4F3ECCBBABBB}.Release|x64.ActiveCfg = Release|x64
		{DCF5640B-2313-48D0-B48F-4F3ECCBBABBB}.Release|x64.Build.0 = Release|x64
		{DCF5640B-2313-48D0-B48F-4F3ECCBBABBB}.Release|x86.ActiveCfg = Release|Win32
		{DCF5640B-2313-48D0-B48F-4F3ECCBBABBB}.Release|x86.Build.0 = Release|Win32
	EndGlobalSection
	GlobalSection(SolutionProperties) = preSolution
		HideSolutionNode = FALSE
	EndGlobalSection
	GlobalSection(ExtensibilityGlobals) = postSolution
		SolutionGuid = {0C82C7A5-449B-4F8D-85EC-652C2FA2EDD7}
	EndGlobalSection
EndGlobal
